
Microsoft Visual Studio Solution File, Format Version 12.00
# Visual Studio Version 17
VisualStudioVersion = 17.8.34525.116
MinimumVisualStudioVersion = 10.0.40219.1
Project("{9A19103F-16F7-4668-BE54-9A1E7A4F7556}") = "Luminance", "Luminance.csproj", "{F29597AC-41EE-4B84-9FEF-CD68510B5F92}"
EndProject
Global
	GlobalSection(SolutionConfigurationPlatforms) = preSolution
		Debug|Any CPU = Debug|Any CPU
		Release|Any CPU = Release|Any CPU
	EndGlobalSection
	GlobalSection(ProjectConfigurationPlatforms) = postSolution
		{F29597AC-41EE-4B84-9FEF-CD68510B5F92}.Debug|Any CPU.ActiveCfg = Debug|Any CPU
		{F29597AC-41EE-4B84-9FEF-CD68510B5F92}.Debug|Any CPU.Build.0 = Debug|Any CPU
		{F29597AC-41EE-4B84-9FEF-CD68510B5F92}.Release|Any CPU.ActiveCfg = Release|Any CPU
		{F29597AC-41EE-4B84-9FEF-CD68510B5F92}.Release|Any CPU.Build.0 = Release|Any CPU
	EndGlobalSection
	GlobalSection(SolutionProperties) = preSolution
		HideSolutionNode = FALSE
	EndGlobalSection
	GlobalSection(ExtensibilityGlobals) = postSolution
		SolutionGuid = {D754A673-542F-4D8D-B090-5E912F25CE3A}
	EndGlobalSection
EndGlobal
